
Microsoft Visual Studio Solution File, Format Version 12.00
# Visual Studio 15
VisualStudioVersion = 15.0.28010.2003
MinimumVisualStudioVersion = 10.0.40219.1
Project("{FAE04EC0-301F-11D3-BF4B-00C04F79EFBC}") = "BlobDetection", "BlobDetection\BlobDetection.csproj", "{BD2119BA-13DF-47D5-B430-BF09B16CC399}"
EndProject
Global
	GlobalSection(SolutionConfigurationPlatforms) = preSolution
		Debug|Any CPU = Debug|Any CPU
		Release|Any CPU = Release|Any CPU
	EndGlobalSection
	GlobalSection(ProjectConfigurationPlatforms) = postSolution
		{BD2119BA-13DF-47D5-B430-BF09B16CC399}.Debug|Any CPU.ActiveCfg = Debug|Any CPU
		{BD2119BA-13DF-47D5-B430-BF09B16CC399}.Debug|Any CPU.Build.0 = Debug|Any CPU
		{BD2119BA-13DF-47D5-B430-BF09B16CC399}.Release|Any CPU.ActiveCfg = Release|Any CPU
		{BD2119BA-13DF-47D5-B430-BF09B16CC399}.Release|Any CPU.Build.0 = Release|Any CPU
	EndGlobalSection
	GlobalSection(SolutionProperties) = preSolution
		HideSolutionNode = FALSE
	EndGlobalSection
	GlobalSection(ExtensibilityGlobals) = postSolution
		SolutionGuid = {B3218705-E17D-4B37-B216-E7BACAF227AD}
	EndGlobalSection
EndGlobal
